// !$*UTF8*$!
{
	archiveVersion = 1;
	classes = {
	};
	objectVersion = 50;
	objects = {

/* Begin PBXBuildFile section */
		D50F98E523FF1AE80023BE76 /* AppDelegate.swift in Sources */ = {isa = PBXBuildFile; fileRef = D50F98E423FF1AE80023BE76 /* AppDelegate.swift */; };
		D50F98E723FF1AE80023BE76 /* SceneDelegate.swift in Sources */ = {isa = PBXBuildFile; fileRef = D50F98E623FF1AE80023BE76 /* SceneDelegate.swift */; };
		D50F98E923FF1AE80023BE76 /* ViewController.swift in Sources */ = {isa = PBXBuildFile; fileRef = D50F98E823FF1AE80023BE76 /* ViewController.swift */; };
		D50F98EC23FF1AE80023BE76 /* Main.storyboard in Resources */ = {isa = PBXBuildFile; fileRef = D50F98EA23FF1AE80023BE76 /* Main.storyboard */; };
		D50F98EF23FF1AE80023BE76 /* FBLAApp.xcdatamodeld in Sources */ = {isa = PBXBuildFile; fileRef = D50F98ED23FF1AE80023BE76 /* FBLAApp.xcdatamodeld */; };
		D50F98F123FF1AEA0023BE76 /* Assets.xcassets in Resources */ = {isa = PBXBuildFile; fileRef = D50F98F023FF1AEA0023BE76 /* Assets.xcassets */; };
		D50F98F423FF1AEA0023BE76 /* LaunchScreen.storyboard in Resources */ = {isa = PBXBuildFile; fileRef = D50F98F223FF1AEA0023BE76 /* LaunchScreen.storyboard */; };
/* End PBXBuildFile section */

/* Begin PBXFileReference section */
		D50F98E123FF1AE80023BE76 /* FBLAApp.app */ = {isa = PBXFileReference; explicitFileType = wrapper.application; includeInIndex = 0; path = FBLAApp.app; sourceTree = BUILT_PRODUCTS_DIR; };
		D50F98E423FF1AE80023BE76 /* AppDelegate.swift */ = {isa = PBXFileReference; lastKnownFileType = sourcecode.swift; path = AppDelegate.swift; sourceTree = "<group>"; };
		D50F98E623FF1AE80023BE76 /* SceneDelegate.swift */ = {isa = PBXFileReference; lastKnownFileType = sourcecode.swift; path = SceneDelegate.swift; sourceTree = "<group>"; };
		D50F98E823FF1AE80023BE76 /* ViewController.swift */ = {isa = PBXFileReference; lastKnownFileType = sourcecode.swift; path = ViewController.swift; sourceTree = "<group>"; };
		D50F98EB23FF1AE80023BE76 /* Base */ = {isa = PBXFileReference; lastKnownFileType = file.storyboard; name = Base; path = Base.lproj/Main.storyboard; sourceTree = "<group>"; };
		D50F98EE23FF1AE80023BE76 /* FBLAApp.xcdatamodel */ = {isa = PBXFileReference; lastKnownFileType = wrapper.xcdatamodel; path = FBLAApp.xcdatamodel; sourceTree = "<group>"; };
		D50F98F023FF1AEA0023BE76 /* Assets.xcassets */ = {isa = PBXFileReference; lastKnownFileType = folder.assetcatalog; path = Assets.xcassets; sourceTree = "<group>"; };
		D50F98F323FF1AEA0023BE76 /* Base */ = {isa = PBXFileReference; lastKnownFileType = file.storyboard; name = Base; path = Base.lproj/LaunchScreen.storyboard; sourceTree = "<group>"; };
		D50F98F523FF1AEA0023BE76 /* Info.plist */ = {isa = PBXFileReference; lastKnownFileType = text.plist.xml; path = Info.plist; sourceTree = "<group>"; };
/* End PBXFileReference section */

/* Begin PBXFrameworksBuildPhase section */
		D50F98DE23FF1AE80023BE76 /* Frameworks */ = {
			isa = PBXFrameworksBuildPhase;
			buildActionMask = 2147483647;
			files = (
			);
			runOnlyForDeploymentPostprocessing = 0;
		};
/* End PBXFrameworksBuildPhase section */

/* Begin PBXGroup section */
		D50F98D823FF1AE80023BE76 = {
			isa = PBXGroup;
			children = (
				D50F98E323FF1AE80023BE76 /* FBLAApp */,
				D50F98E223FF1AE80023BE76 /* Products */,
			);
			sourceTree = "<group>";
		};
		D50F98E223FF1AE80023BE76 /* Products */ = {
			isa = PBXGroup;
			children = (
				D50F98E123FF1AE80023BE76 /* FBLAApp.app */,
			);
			name = Products;
			sourceTree = "<group>";
		};
		D50F98E323FF1AE80023BE76 /* FBLAApp */ = {
			isa = PBXGroup;
			children = (
				D50F98E423FF1AE80023BE76 /* AppDelegate.swift */,
				D50F98E623FF1AE80023BE76 /* SceneDelegate.swift */,
				D50F98E823FF1AE80023BE76 /* ViewController.swift */,
				D50F98EA23FF1AE80023BE76 /* Main.storyboard */,
				D50F98F023FF1AEA0023BE76 /* Assets.xcassets */,
				D50F98F223FF1AEA0023BE76 /* LaunchScreen.storyboard */,
				D50F98F523FF1AEA0023BE76 /* Info.plist */,
				D50F98ED23FF1AE80023BE76 /* FBLAApp.xcdatamodeld */,
			);
			path = FBLAApp;
			sourceTree = "<group>";
		};
/* End PBXGroup section */

/* Begin PBXNativeTarget section */
		D50F98E023FF1AE80023BE76 /* FBLAApp */ = {
			isa = PBXNativeTarget;
			buildConfigurationList = D50F98F823FF1AEA0023BE76 /* Build configuration list for PBXNativeTarget "FBLAApp" */;
			buildPhases = (
				D50F98DD23FF1AE80023BE76 /* Sources */,
				D50F98DE23FF1AE80023BE76 /* Frameworks */,
				D50F98DF23FF1AE80023BE76 /* Resources */,
			);
			buildRules = (
			);
			dependencies = (
			);
			name = FBLAApp;
			productName = FBLAApp;
			productReference = D50F98E123FF1AE80023BE76 /* FBLAApp.app */;
			productType = "com.apple.product-type.application";
		};
/* End PBXNativeTarget section */

/* Begin PBXProject section */
		D50F98D923FF1AE80023BE76 /* Project object */ = {
			isa = PBXProject;
			attributes = {
				LastSwiftUpdateCheck = 1130;
				LastUpgradeCheck = 1130;
				ORGANIZATIONNAME = "Shashank Venkatramani";
				TargetAttributes = {
					D50F98E023FF1AE80023BE76 = {
						CreatedOnToolsVersion = 11.3;
					};
				};
			};
			buildConfigurationList = D50F98DC23FF1AE80023BE76 /* Build configuration list for PBXProject "FBLAApp" */;
			compatibilityVersion = "Xcode 9.3";
			developmentRegion = en;
			hasScannedForEncodings = 0;
			knownRegions = (
				en,
				Base,
			);
			mainGroup = D50F98D823FF1AE80023BE76;
			productRefGroup = D50F98E223FF1AE80023BE76 /* Products */;
			projectDirPath = "";
			projectRoot = "";
			targets = (
				D50F98E023FF1AE80023BE76 /* FBLAApp */,
			);
		};
/* End PBXProject section */

/* Begin PBXResourcesBuildPhase section */
		D50F98DF23FF1AE80023BE76 /* Resources */ = {
			isa = PBXResourcesBuildPhase;
			buildActionMask = 2147483647;
			files = (
				D50F98F423FF1AEA0023BE76 /* LaunchScreen.storyboard in Resources */,
				D50F98F123FF1AEA0023BE76 /* Assets.xcassets in Resources */,
				D50F98EC23FF1AE80023BE76 /* Main.storyboard in Resources */,
			);
			runOnlyForDeploymentPostprocessing = 0;
		};
/* End PBXResourcesBuildPhase section */

/* Begin PBXSourcesBuildPhase section */
		D50F98DD23FF1AE80023BE76 /* Sources */ = {
			isa = PBXSourcesBuildPhase;
			buildActionMask = 2147483647;
			files = (
				D50F98E923FF1AE80023BE76 /* ViewController.swift in Sources */,
				D50F98E523FF1AE80023BE76 /* AppDelegate.swift in Sources */,
				D50F98EF23FF1AE80023BE76 /* FBLAApp.xcdatamodeld in Sources */,
				D50F98E723FF1AE80023BE76 /* SceneDelegate.swift in Sources */,
			);
			runOnlyForDeploymentPostprocessing = 0;
		};
/* End PBXSourcesBuildPhase section */

/* Begin PBXVariantGroup section */
		D50F98EA23FF1AE80023BE76 /* Main.storyboard */ = {
			isa = PBXVariantGroup;
			children = (
				D50F98EB23FF1AE80023BE76 /* Base */,
			);
			name = Main.storyboard;
			sourceTree = "<group>";
		};
		D50F98F223FF1AEA0023BE76 /* LaunchScreen.storyboard */ = {
			isa = PBXVariantGroup;
			children = (
				D50F98F323FF1AEA0023BE76 /* Base */,
			);
			name = LaunchScreen.storyboard;
			sourceTree = "<group>";
		};
/* End PBXVariantGroup section */

/* Begin XCBuildConfiguration section */
		D50F98F623FF1AEA0023BE76 /* Debug */ = {
			isa = XCBuildConfiguration;
			buildSettings = {
				ALWAYS_SEARCH_USER_PATHS = NO;
				CLANG_ANALYZER_NONNULL = YES;
				CLANG_ANALYZER_NUMBER_OBJECT_CONVERSION = YES_AGGRESSIVE;
				CLANG_CXX_LANGUAGE_STANDARD = "gnu++14";
				CLANG_CXX_LIBRARY = "libc++";
				CLANG_ENABLE_MODULES = YES;
				CLANG_ENABLE_OBJC_ARC = YES;
				CLANG_ENABLE_OBJC_WEAK = YES;
				CLANG_WARN_BLOCK_CAPTURE_AUTORELEASING = YES;
				CLANG_WARN_BOOL_CONVERSION = YES;
				CLANG_WARN_COMMA = YES;
				CLANG_WARN_CONSTANT_CONVERSION = YES;
				CLANG_WARN_DEPRECATED_OBJC_IMPLEMENTATIONS = YES;
				CLANG_WARN_DIRECT_OBJC_ISA_USAGE = YES_ERROR;
				CLANG_WARN_DOCUMENTATION_COMMENTS = YES;
				CLANG_WARN_EMPTY_BODY = YES;
				CLANG_WARN_ENUM_CONVERSION = YES;
				CLANG_WARN_INFINITE_RECURSION = YES;
				CLANG_WARN_INT_CONVERSION = YES;
				CLANG_WARN_NON_LITERAL_NULL_CONVERSION = YES;
				CLANG_WARN_OBJC_IMPLICIT_RETAIN_SELF = YES;
				CLANG_WARN_OBJC_LITERAL_CONVERSION = YES;
				CLANG_WARN_OBJC_ROOT_CLASS = YES_ERROR;
				CLANG_WARN_RANGE_LOOP_ANALYSIS = YES;
				CLANG_WARN_STRICT_PROTOTYPES = YES;
				CLANG_WARN_SUSPICIOUS_MOVE = YES;
				CLANG_WARN_UNGUARDED_AVAILABILITY = YES_AGGRESSIVE;
				CLANG_WARN_UNREACHABLE_CODE = YES;
				CLANG_WARN__DUPLICATE_METHOD_MATCH = YES;
				COPY_PHASE_STRIP = NO;
				DEBUG_INFORMATION_FORMAT = dwarf;
				ENABLE_STRICT_OBJC_MSGSEND = YES;
				ENABLE_TESTABILITY = YES;
				GCC_C_LANGUAGE_STANDARD = gnu11;
				GCC_DYNAMIC_NO_PIC = NO;
				GCC_NO_COMMON_BLOCKS = YES;
				GCC_OPTIMIZATION_LEVEL = 0;
				GCC_PREPROCESSOR_DEFINITIONS = (
					"DEBUG=1",
					"$(inherited)",
				);
				GCC_WARN_64_TO_32_BIT_CONVERSION = YES;
				GCC_WARN_ABOUT_RETURN_TYPE = YES_ERROR;
				GCC_WARN_UNDECLARED_SELECTOR = YES;
				GCC_WARN_UNINITIALIZED_AUTOS = YES_AGGRESSIVE;
				GCC_WARN_UNUSED_FUNCTION = YES;
				GCC_WARN_UNUSED_VARIABLE = YES;
				IPHONEOS_DEPLOYMENT_TARGET = 13.2;
				MTL_ENABLE_DEBUG_INFO = INCLUDE_SOURCE;
				MTL_FAST_MATH = YES;
				ONLY_ACTIVE_ARCH = YES;
				SDKROOT = iphoneos;
				SWIFT_ACTIVE_COMPILATION_CONDITIONS = DEBUG;
				SWIFT_OPTIMIZATION_LEVEL = "-Onone";
			};
			name = Debug;
		};
		D50F98F723FF1AEA0023BE76 /* Release */ = {
			isa = XCBuildConfiguration;
			buildSettings = {
				ALWAYS_SEARCH_USER_PATHS = NO;
				CLANG_ANALYZER_NONNULL = YES;
				CLANG_ANALYZER_NUMBER_OBJECT_CONVERSION = YES_AGGRESSIVE;
				CLANG_CXX_LANGUAGE_STANDARD = "gnu++14";
				CLANG_CXX_LIBRARY = "libc++";
				CLANG_ENABLE_MODULES = YES;
				CLANG_ENABLE_OBJC_ARC = YES;
				CLANG_ENABLE_OBJC_WEAK = YES;
				CLANG_WARN_BLOCK_CAPTURE_AUTORELEASING = YES;
				CLANG_WARN_BOOL_CONVERSION = YES;
				CLANG_WARN_COMMA = YES;
				CLANG_WARN_CONSTANT_CONVERSION = YES;
				CLANG_WARN_DEPRECATED_OBJC_IMPLEMENTATIONS = YES;
				CLANG_WARN_DIRECT_OBJC_ISA_USAGE = YES_ERROR;
				CLANG_WARN_DOCUMENTATION_COMMENTS = YES;
				CLANG_WARN_EMPTY_BODY = YES;
				CLANG_WARN_ENUM_CONVERSION = YES;
				CLANG_WARN_INFINITE_RECURSION = YES;
				CLANG_WARN_INT_CONVERSION = YES;
				CLANG_WARN_NON_LITERAL_NULL_CONVERSION = YES;
				CLANG_WARN_OBJC_IMPLICIT_RETAIN_SELF = YES;
				CLANG_WARN_OBJC_LITERAL_CONVERSION = YES;
				CLANG_WARN_OBJC_ROOT_CLASS = YES_ERROR;
				CLANG_WARN_RANGE_LOOP_ANALYSIS = YES;
				CLANG_WARN_STRICT_PROTOTYPES = YES;
				CLANG_WARN_SUSPICIOUS_MOVE = YES;
				CLANG_WARN_UNGUARDED_AVAILABILITY = YES_AGGRESSIVE;
				CLANG_WARN_UNREACHABLE_CODE = YES;
				CLANG_WARN__DUPLICATE_METHOD_MATCH = YES;
				COPY_PHASE_STRIP = NO;
				DEBUG_INFORMATION_FORMAT = "dwarf-with-dsym";
				ENABLE_NS_ASSERTIONS = NO;
				ENABLE_STRICT_OBJC_MSGSEND = YES;
				GCC_C_LANGUAGE_STANDARD = gnu11;
				GCC_NO_COMMON_BLOCKS = YES;
				GCC_WARN_64_TO_32_BIT_CONVERSION = YES;
				GCC_WARN_ABOUT_RETURN_TYPE = YES_ERROR;
				GCC_WARN_UNDECLARED_SELECTOR = YES;
				GCC_WARN_UNINITIALIZED_AUTOS = YES_AGGRESSIVE;
				GCC_WARN_UNUSED_FUNCTION = YES;
				GCC_WARN_UNUSED_VARIABLE = YES;
				IPHONEOS_DEPLOYMENT_TARGET = 13.2;
				MTL_ENABLE_DEBUG_INFO = NO;
				MTL_FAST_MATH = YES;
				SDKROOT = iphoneos;
				SWIFT_COMPILATION_MODE = wholemodule;
				SWIFT_OPTIMIZATION_LEVEL = "-O";
				VALIDATE_PRODUCT = YES;
			};
			name = Release;
		};
		D50F98F923FF1AEA0023BE76 /* Debug */ = {
			isa = XCBuildConfiguration;
			buildSettings = {
				ASSETCATALOG_COMPILER_APPICON_NAME = AppIcon;
				CODE_SIGN_STYLE = Automatic;
				DEVELOPMENT_TEAM = 4R484PGFUQ;
				INFOPLIST_FILE = FBLAApp/Info.plist;
				LD_RUNPATH_SEARCH_PATHS = (
					"$(inherited)",
					"@executable_path/Frameworks",
				);
				PRODUCT_BUNDLE_IDENTIFIER = com.cvenkatramani.FBLAApp;
				PRODUCT_NAME = "$(TARGET_NAME)";
				SWIFT_VERSION = 5.0;
				TARGETED_DEVICE_FAMILY = "1,2";
			};
			name = Debug;
		};
		D50F98FA23FF1AEA0023BE76 /* Release */ = {
			isa = XCBuildConfiguration;
			buildSettings = {
				ASSETCATALOG_COMPILER_APPICON_NAME = AppIcon;
				CODE_SIGN_STYLE = Automatic;
				DEVELOPMENT_TEAM = 4R484PGFUQ;
				INFOPLIST_FILE = FBLAApp/Info.plist;
				LD_RUNPATH_SEARCH_PATHS = (
					"$(inherited)",
					"@executable_path/Frameworks",
				);
				PRODUCT_BUNDLE_IDENTIFIER = com.cvenkatramani.FBLAApp;
				PRODUCT_NAME = "$(TARGET_NAME)";
				SWIFT_VERSION = 5.0;
				TARGETED_DEVICE_FAMILY = "1,2";
			};
			name = Release;
		};
/* End XCBuildConfiguration section */

/* Begin XCConfigurationList section */
		D50F98DC23FF1AE80023BE76 /* Build configuration list for PBXProject "FBLAApp" */ = {
			isa = XCConfigurationList;
			buildConfigurations = (
				D50F98F623FF1AEA0023BE76 /* Debug */,
				D50F98F723FF1AEA0023BE76 /* Release */,
			);
			defaultConfigurationIsVisible = 0;
			defaultConfigurationName = Release;
		};
		D50F98F823FF1AEA0023BE76 /* Build configuration list for PBXNativeTarget "FBLAApp" */ = {
			isa = XCConfigurationList;
			buildConfigurations = (
				D50F98F923FF1AEA0023BE76 /* Debug */,
				D50F98FA23FF1AEA0023BE76 /* Release */,
			);
			defaultConfigurationIsVisible = 0;
			defaultConfigurationName = Release;
		};
/* End XCConfigurationList section */

/* Begin XCVersionGroup section */
		D50F98ED23FF1AE80023BE76 /* FBLAApp.xcdatamodeld */ = {
			isa = XCVersionGroup;
			children = (
				D50F98EE23FF1AE80023BE76 /* FBLAApp.xcdatamodel */,
			);
			currentVersion = D50F98EE23FF1AE80023BE76 /* FBLAApp.xcdatamodel */;
			path = FBLAApp.xcdatamodeld;
			sourceTree = "<group>";
			versionGroupType = wrapper.xcdatamodel;
		};
/* End XCVersionGroup section */
	};
	rootObject = D50F98D923FF1AE80023BE76 /* Project object */;
}
